
Microsoft Visual Studio Solution File, Format Version 12.00
# Visual Studio 15
VisualStudioVersion = 15.0.28307.136
MinimumVisualStudioVersion = 10.0.40219.1
Project("{8BC9CEB8-8B4A-11D0-8D11-00A0C91BC942}") = "mdmt-test", "mdmt-test.vcxproj", "{83184169-D7FC-4D2F-B065-828A98A7BE22}"
EndProject
Global
	GlobalSection(SolutionConfigurationPlatforms) = preSolution
		Debug|x64 = Debug|x64
		Debug|x86 = Debug|x86
		Release|x64 = Release|x64
		Release|x86 = Release|x86
		ReleaseMD|x64 = ReleaseMD|x64
		ReleaseMD|x86 = ReleaseMD|x86
		ReleaseMT|x64 = ReleaseMT|x64
		ReleaseMT|x86 = ReleaseMT|x86
	EndGlobalSection
	GlobalSection(ProjectConfigurationPlatforms) = postSolution
		{83184169-D7FC-4D2F-B065-828A98A7BE22}.Debug|x64.ActiveCfg = Debug|x64
		{83184169-D7FC-4D2F-B065-828A98A7BE22}.Debug|x64.Build.0 = Debug|x64
		{83184169-D7FC-4D2F-B065-828A98A7BE22}.Debug|x86.ActiveCfg = Debug|Win32
		{83184169-D7FC-4D2F-B065-828A98A7BE22}.Debug|x86.Build.0 = Debug|Win32
		{83184169-D7FC-4D2F-B065-828A98A7BE22}.Release|x64.ActiveCfg = Release|x64
		{83184169-D7FC-4D2F-B065-828A98A7BE22}.Release|x64.Build.0 = Release|x64
		{83184169-D7FC-4D2F-B065-828A98A7BE22}.Release|x86.ActiveCfg = Release|Win32
		{83184169-D7FC-4D2F-B065-828A98A7BE22}.Release|x86.Build.0 = Release|Win32
		{83184169-D7FC-4D2F-B065-828A98A7BE22}.ReleaseMD|x64.ActiveCfg = ReleaseMD|x64
		{83184169-D7FC-4D2F-B065-828A98A7BE22}.ReleaseMD|x64.Build.0 = ReleaseMD|x64
		{83184169-D7FC-4D2F-B065-828A98A7BE22}.ReleaseMD|x86.ActiveCfg = ReleaseMD|Win32
		{83184169-D7FC-4D2F-B065-828A98A7BE22}.ReleaseMD|x86.Build.0 = ReleaseMD|Win32
		{83184169-D7FC-4D2F-B065-828A98A7BE22}.ReleaseMT|x64.ActiveCfg = ReleaseMT|x64
		{83184169-D7FC-4D2F-B065-828A98A7BE22}.ReleaseMT|x64.Build.0 = ReleaseMT|x64
		{83184169-D7FC-4D2F-B065-828A98A7BE22}.ReleaseMT|x86.ActiveCfg = ReleaseMT|Win32
		{83184169-D7FC-4D2F-B065-828A98A7BE22}.ReleaseMT|x86.Build.0 = ReleaseMT|Win32
	EndGlobalSection
	GlobalSection(SolutionProperties) = preSolution
		HideSolutionNode = FALSE
	EndGlobalSection
	GlobalSection(ExtensibilityGlobals) = postSolution
		SolutionGuid = {06CBA2EC-E010-4424-ADCD-E3117282885F}
	EndGlobalSection
EndGlobal
